# This file is automatically @generated by Cargo.
# It is not intended for manual editing.
version = 3

[[package]]
name = "ahash"
version = "0.8.3"
source = "registry+https://github.com/rust-lang/crates.io-index"
checksum = "2c99f64d1e06488f620f932677e24bc6e2897582980441ae90a671415bd7ec2f"
dependencies = [
 "cfg-if",
 "once_cell",
 "version_check",
]

[[package]]
name = "arbitrary"
version = "1.3.0"
source = "registry+https://github.com/rust-lang/crates.io-index"
checksum = "e2d098ff73c1ca148721f37baad5ea6a465a13f9573aba8641fbbbae8164a54e"

[[package]]
name = "autocfg"
version = "1.1.0"
source = "registry+https://github.com/rust-lang/crates.io-index"
checksum = "d468802bab17cbc0cc575e9b053f41e72aa36bfa6b7f55e3529ffa43161b97fa"

[[package]]
name = "bumpalo"
version = "3.13.0"
source = "registry+https://github.com/rust-lang/crates.io-index"
checksum = "a3e2c3daef883ecc1b5d58c15adae93470a91d425f3532ba1695849656af3fc1"

[[package]]
name = "cfg-if"
version = "1.0.0"
source = "registry+https://github.com/rust-lang/crates.io-index"
checksum = "baf1de4339761588bc0619e3cbc0120ee582ebb74b53b4efbf79117bd2da40fd"

[[package]]
name = "cranelift"
version = "0.96.1"
source = "registry+https://github.com/rust-lang/crates.io-index"
checksum = "913037f0ad8426c8c7ddee8e094b77b781ba335fbe6ba6b80c875c4a55b4eb25"
dependencies = [
 "cranelift-codegen",
 "cranelift-frontend",
]

[[package]]
name = "cranelift-bforest"
version = "0.96.1"
source = "registry+https://github.com/rust-lang/crates.io-index"
checksum = "9b6160c0a96253993b79fb7e0983534a4515ecf666120ddf8f92068114997ebc"
dependencies = [
 "cranelift-entity",
]

[[package]]
name = "cranelift-codegen"
version = "0.96.1"
source = "registry+https://github.com/rust-lang/crates.io-index"
checksum = "7b38da5f63562e42f3c929d7c76871098e5ad12c8ab44b0659ffc529f22a5b3a"
dependencies = [
 "bumpalo",
 "cranelift-bforest",
 "cranelift-codegen-meta",
 "cranelift-codegen-shared",
 "cranelift-control",
 "cranelift-entity",
 "cranelift-isle",
 "gimli",
 "hashbrown 0.13.2",
 "log",
 "regalloc2",
 "smallvec",
 "target-lexicon",
]

[[package]]
name = "cranelift-codegen-meta"
version = "0.96.1"
source = "registry+https://github.com/rust-lang/crates.io-index"
checksum = "011371e213e163b55dd9e8404b3f2d9fa52cd14dc2f3dc5b83e61ffceff126db"
dependencies = [
 "cranelift-codegen-shared",
]

[[package]]
name = "cranelift-codegen-shared"
version = "0.96.1"
source = "registry+https://github.com/rust-lang/crates.io-index"
checksum = "1bf97dde7f5ad571161cdd203a2c9c88682ef669830aea3c14ea5d164ef8bb43"

[[package]]
name = "cranelift-control"
version = "0.96.1"
source = "registry+https://github.com/rust-lang/crates.io-index"
checksum = "fd9a9254aee733b0f2b68e5eaaf0337ad53cb23252a056c10a35370551be8d40"
dependencies = [
 "arbitrary",
]

[[package]]
name = "cranelift-entity"
version = "0.96.1"
source = "registry+https://github.com/rust-lang/crates.io-index"
checksum = "baf39a33ee39479d1337cd9333f3c09786c5a0ca1ec509edcaf9d1346d5de0e5"

[[package]]
name = "cranelift-export"
version = "0.1.0"
dependencies = [
 "cranelift",
]

[[package]]
name = "cranelift-frontend"
version = "0.96.1"
source = "registry+https://github.com/rust-lang/crates.io-index"
checksum = "65e260b92a193a0a2dccc3938f133d9532e7dcfe8d03e36bf8b7d3518c1c1793"
dependencies = [
 "cranelift-codegen",
 "log",
 "smallvec",
 "target-lexicon",
]

[[package]]
name = "cranelift-isle"
version = "0.96.1"
source = "registry+https://github.com/rust-lang/crates.io-index"
checksum = "9446c8e1aadfcdacee1a49592bc2c25d1d9bf5484782c163e7f5485c92cd3c1c"

[[package]]
name = "fallible-iterator"
version = "0.2.0"
source = "registry+https://github.com/rust-lang/crates.io-index"
checksum = "4443176a9f2c162692bd3d352d745ef9413eec5782a80d8fd6f8a1ac692a07f7"

[[package]]
name = "gimli"
version = "0.27.2"
source = "registry+https://github.com/rust-lang/crates.io-index"
checksum = "ad0a93d233ebf96623465aad4046a8d3aa4da22d4f4beba5388838c8a434bbb4"
dependencies = [
 "fallible-iterator",
 "indexmap",
 "stable_deref_trait",
]

[[package]]
name = "hashbrown"
version = "0.12.3"
source = "registry+https://github.com/rust-lang/crates.io-index"
checksum = "8a9ee70c43aaf417c914396645a0fa852624801b24ebb7ae78fe8272889ac888"

[[package]]
name = "hashbrown"
version = "0.13.2"
source = "registry+https://github.com/rust-lang/crates.io-index"
checksum = "43a3c133739dddd0d2990f9a4bdf8eb4b21ef50e4851ca85ab661199821d510e"
dependencies = [
 "ahash",
]

[[package]]
name = "indexmap"
version = "1.9.3"
source = "registry+https://github.com/rust-lang/crates.io-index"
checksum = "bd070e393353796e801d209ad339e89596eb4c8d430d18ede6a1cced8fafbd99"
dependencies = [
 "autocfg",
 "hashbrown 0.12.3",
]

[[package]]
name = "log"
version = "0.4.17"
source = "registry+https://github.com/rust-lang/crates.io-index"
checksum = "abb12e687cfb44aa40f41fc3978ef76448f9b6038cad6aef4259d3c095a2382e"
dependencies = [
 "cfg-if",
]

[[package]]
name = "once_cell"
version = "1.17.1"
source = "registry+https://github.com/rust-lang/crates.io-index"
checksum = "b7e5500299e16ebb147ae15a00a942af264cf3688f47923b8fc2cd5858f23ad3"

[[package]]
name = "regalloc2"
version = "0.8.1"
source = "registry+https://github.com/rust-lang/crates.io-index"
checksum = "d4a52e724646c6c0800fc456ec43b4165d2f91fba88ceaca06d9e0b400023478"
dependencies = [
 "hashbrown 0.13.2",
 "log",
 "rustc-hash",
 "slice-group-by",
 "smallvec",
]

[[package]]
name = "rustc-hash"
version = "1.1.0"
source = "registry+https://github.com/rust-lang/crates.io-index"
checksum = "08d43f7aa6b08d49f382cde6a7982047c3426db949b1424bc4b7ec9ae12c6ce2"

[[package]]
name = "slice-group-by"
version = "0.3.1"
source = "registry+https://github.com/rust-lang/crates.io-index"
checksum = "826167069c09b99d56f31e9ae5c99049e932a98c9dc2dac47645b08dbbf76ba7"

[[package]]
name = "smallvec"
version = "1.10.0"
source = "registry+https://github.com/rust-lang/crates.io-index"
checksum = "a507befe795404456341dfab10cef66ead4c041f62b8b11bbb92bffe5d0953e0"

[[package]]
name = "stable_deref_trait"
version = "1.2.0"
source = "registry+https://github.com/rust-lang/crates.io-index"
checksum = "a8f112729512f8e442d81f95a8a7ddf2b7c6b8a1a6f509a95864142b30cab2d3"

[[package]]
name = "target-lexicon"
version = "0.12.7"
source = "registry+https://github.com/rust-lang/crates.io-index"
checksum = "fd1ba337640d60c3e96bc6f0638a939b9c9a7f2c316a1598c279828b3d1dc8c5"

[[package]]
name = "version_check"
version = "0.9.4"
source = "registry+https://github.com/rust-lang/crates.io-index"
checksum = "49874b5167b65d7193b8aba1567f5c7d93d001cafc34600cee003eda787e483f"
