# This file is automatically @generated by Cargo.
# It is not intended for manual editing.
version = 3

[[package]]
name = "cranelift-codegen-meta"
version = "0.96.1"
source = "registry+https://github.com/rust-lang/crates.io-index"
checksum = "011371e213e163b55dd9e8404b3f2d9fa52cd14dc2f3dc5b83e61ffceff126db"
dependencies = [
 "cranelift-codegen-shared",
]

[[package]]
name = "cranelift-codegen-shared"
version = "0.96.1"
source = "registry+https://github.com/rust-lang/crates.io-index"
checksum = "1bf97dde7f5ad571161cdd203a2c9c88682ef669830aea3c14ea5d164ef8bb43"

[[package]]
name = "generator"
version = "0.1.0"
dependencies = [
 "cranelift-codegen-meta",
]
